
Microsoft Visual Studio Solution File, Format Version 12.00
# Visual Studio Version 16
VisualStudioVersion = 16.0.30413.136
MinimumVisualStudioVersion = 10.0.40219.1
Project("{FAE04EC0-301F-11D3-BF4B-00C04F79EFBC}") = "luceMIS4200demo2", "luceMIS4200demo2.csproj", "{0D69994D-E3DA-4F3B-BDA3-B909DB1C0FA6}"
EndProject
Global
	GlobalSection(SolutionConfigurationPlatforms) = preSolution
		Debug|Any CPU = Debug|Any CPU
		Release|Any CPU = Release|Any CPU
	EndGlobalSection
	GlobalSection(ProjectConfigurationPlatforms) = postSolution
		{0D69994D-E3DA-4F3B-BDA3-B909DB1C0FA6}.Debug|Any CPU.ActiveCfg = Debug|Any CPU
		{0D69994D-E3DA-4F3B-BDA3-B909DB1C0FA6}.Debug|Any CPU.Build.0 = Debug|Any CPU
		{0D69994D-E3DA-4F3B-BDA3-B909DB1C0FA6}.Release|Any CPU.ActiveCfg = Release|Any CPU
		{0D69994D-E3DA-4F3B-BDA3-B909DB1C0FA6}.Release|Any CPU.Build.0 = Release|Any CPU
	EndGlobalSection
	GlobalSection(SolutionProperties) = preSolution
		HideSolutionNode = FALSE
	EndGlobalSection
	GlobalSection(ExtensibilityGlobals) = postSolution
		SolutionGuid = {82F9F6BE-AAA6-415F-9437-44AC17BBA4AB}
	EndGlobalSection
EndGlobal
